
Microsoft Visual Studio Solution File, Format Version 12.00
# Visual Studio Version 16
VisualStudioVersion = 16.0.31205.134
MinimumVisualStudioVersion = 10.0.40219.1
Project("{FAE04EC0-301F-11D3-BF4B-00C04F79EFBC}") = "Web", "Web\Web.csproj", "{1EC4D594-546E-4BC9-89BC-B7374E37978D}"
EndProject
Project("{FAE04EC0-301F-11D3-BF4B-00C04F79EFBC}") = "Core", "Core\Core.csproj", "{60A478B8-5384-4476-93A0-0F8143C04EA6}"
EndProject
Project("{FAE04EC0-301F-11D3-BF4B-00C04F79EFBC}") = "Infrastructure", "Infrastructure\Infrastructure.csproj", "{CA365E8E-7B06-41D6-9B58-71D509FEF73F}"
EndProject
Global
	GlobalSection(SolutionConfigurationPlatforms) = preSolution
		Debug|Any CPU = Debug|Any CPU
		Release|Any CPU = Release|Any CPU
	EndGlobalSection
	GlobalSection(ProjectConfigurationPlatforms) = postSolution
		{1EC4D594-546E-4BC9-89BC-B7374E37978D}.Debug|Any CPU.ActiveCfg = Debug|Any CPU
		{1EC4D594-546E-4BC9-89BC-B7374E37978D}.Debug|Any CPU.Build.0 = Debug|Any CPU
		{1EC4D594-546E-4BC9-89BC-B7374E37978D}.Release|Any CPU.ActiveCfg = Release|Any CPU
		{1EC4D594-546E-4BC9-89BC-B7374E37978D}.Release|Any CPU.Build.0 = Release|Any CPU
		{60A478B8-5384-4476-93A0-0F8143C04EA6}.Debug|Any CPU.ActiveCfg = Debug|Any CPU
		{60A478B8-5384-4476-93A0-0F8143C04EA6}.Debug|Any CPU.Build.0 = Debug|Any CPU
		{60A478B8-5384-4476-93A0-0F8143C04EA6}.Release|Any CPU.ActiveCfg = Release|Any CPU
		{60A478B8-5384-4476-93A0-0F8143C04EA6}.Release|Any CPU.Build.0 = Release|Any CPU
		{CA365E8E-7B06-41D6-9B58-71D509FEF73F}.Debug|Any CPU.ActiveCfg = Debug|Any CPU
		{CA365E8E-7B06-41D6-9B58-71D509FEF73F}.Debug|Any CPU.Build.0 = Debug|Any CPU
		{CA365E8E-7B06-41D6-9B58-71D509FEF73F}.Release|Any CPU.ActiveCfg = Release|Any CPU
		{CA365E8E-7B06-41D6-9B58-71D509FEF73F}.Release|Any CPU.Build.0 = Release|Any CPU
	EndGlobalSection
	GlobalSection(SolutionProperties) = preSolution
		HideSolutionNode = FALSE
	EndGlobalSection
	GlobalSection(ExtensibilityGlobals) = postSolution
		SolutionGuid = {EF729601-B98F-48FD-A7F5-FC9CEE5EABA8}
	EndGlobalSection
EndGlobal
